
Microsoft Visual Studio Solution File, Format Version 12.00
# Visual Studio 14
VisualStudioVersion = 14.0.25420.1
MinimumVisualStudioVersion = 10.0.40219.1
Project("{FAE04EC0-301F-11D3-BF4B-00C04F79EFBC}") = "DataBrowser.Data", "DataBrowser.Data\DataBrowser.Data.csproj", "{4249F020-F676-4054-8817-81B7E1EBE071}"
EndProject
Project("{FAE04EC0-301F-11D3-BF4B-00C04F79EFBC}") = "DataBrowser.Service", "DataBrowser.Service\DataBrowser.Service.csproj", "{F8E51859-8505-4846-97C6-9713F8BEDBAB}"
EndProject
Project("{FAE04EC0-301F-11D3-BF4B-00C04F79EFBC}") = "DataBrowser.Api", "DataBrowser.Api\DataBrowser.Api.csproj", "{F423F514-B5E9-4134-94BD-F14D6A759254}"
EndProject
Project("{FAE04EC0-301F-11D3-BF4B-00C04F79EFBC}") = "DataBrowser.Web", "DataBrowser.Web\DataBrowser.Web.csproj", "{FAC9DAA2-50FF-405A-9BE8-3360DFB8E708}"
EndProject
Project("{FAE04EC0-301F-11D3-BF4B-00C04F79EFBC}") = "DataBrowser.Helper", "DataBrowser.Helper\DataBrowser.Helper.csproj", "{8AB2B0F2-EE1A-4412-96BE-2338E5724FD5}"
EndProject
Project("{FAE04EC0-301F-11D3-BF4B-00C04F79EFBC}") = "DataBrowser.Test", "DataBrowser.Test\DataBrowser.Test.csproj", "{CED23C15-AE19-4FC5-9C04-DFD498FAD2FF}"
EndProject
Project("{FAE04EC0-301F-11D3-BF4B-00C04F79EFBC}") = "DatabrowserDbUp", "DatabrowserDbUp\DatabrowserDbUp.csproj", "{CF8EC5AF-4882-483B-894E-59391E23B7A4}"
EndProject
Global
	GlobalSection(SolutionConfigurationPlatforms) = preSolution
		Debug|Any CPU = Debug|Any CPU
		Release|Any CPU = Release|Any CPU
	EndGlobalSection
	GlobalSection(ProjectConfigurationPlatforms) = postSolution
		{4249F020-F676-4054-8817-81B7E1EBE071}.Debug|Any CPU.ActiveCfg = Debug|Any CPU
		{4249F020-F676-4054-8817-81B7E1EBE071}.Debug|Any CPU.Build.0 = Debug|Any CPU
		{4249F020-F676-4054-8817-81B7E1EBE071}.Release|Any CPU.ActiveCfg = Release|Any CPU
		{4249F020-F676-4054-8817-81B7E1EBE071}.Release|Any CPU.Build.0 = Release|Any CPU
		{F8E51859-8505-4846-97C6-9713F8BEDBAB}.Debug|Any CPU.ActiveCfg = Debug|Any CPU
		{F8E51859-8505-4846-97C6-9713F8BEDBAB}.Debug|Any CPU.Build.0 = Debug|Any CPU
		{F8E51859-8505-4846-97C6-9713F8BEDBAB}.Release|Any CPU.ActiveCfg = Release|Any CPU
		{F8E51859-8505-4846-97C6-9713F8BEDBAB}.Release|Any CPU.Build.0 = Release|Any CPU
		{F423F514-B5E9-4134-94BD-F14D6A759254}.Debug|Any CPU.ActiveCfg = Debug|Any CPU
		{F423F514-B5E9-4134-94BD-F14D6A759254}.Debug|Any CPU.Build.0 = Debug|Any CPU
		{F423F514-B5E9-4134-94BD-F14D6A759254}.Release|Any CPU.ActiveCfg = Release|Any CPU
		{F423F514-B5E9-4134-94BD-F14D6A759254}.Release|Any CPU.Build.0 = Release|Any CPU
		{FAC9DAA2-50FF-405A-9BE8-3360DFB8E708}.Debug|Any CPU.ActiveCfg = Debug|Any CPU
		{FAC9DAA2-50FF-405A-9BE8-3360DFB8E708}.Debug|Any CPU.Build.0 = Debug|Any CPU
		{FAC9DAA2-50FF-405A-9BE8-3360DFB8E708}.Release|Any CPU.ActiveCfg = Release|Any CPU
		{FAC9DAA2-50FF-405A-9BE8-3360DFB8E708}.Release|Any CPU.Build.0 = Release|Any CPU
		{8AB2B0F2-EE1A-4412-96BE-2338E5724FD5}.Debug|Any CPU.ActiveCfg = Debug|Any CPU
		{8AB2B0F2-EE1A-4412-96BE-2338E5724FD5}.Debug|Any CPU.Build.0 = Debug|Any CPU
		{8AB2B0F2-EE1A-4412-96BE-2338E5724FD5}.Release|Any CPU.ActiveCfg = Release|Any CPU
		{8AB2B0F2-EE1A-4412-96BE-2338E5724FD5}.Release|Any CPU.Build.0 = Release|Any CPU
		{CED23C15-AE19-4FC5-9C04-DFD498FAD2FF}.Debug|Any CPU.ActiveCfg = Debug|Any CPU
		{CED23C15-AE19-4FC5-9C04-DFD498FAD2FF}.Debug|Any CPU.Build.0 = Debug|Any CPU
		{CED23C15-AE19-4FC5-9C04-DFD498FAD2FF}.Release|Any CPU.ActiveCfg = Release|Any CPU
		{CED23C15-AE19-4FC5-9C04-DFD498FAD2FF}.Release|Any CPU.Build.0 = Release|Any CPU
		{CF8EC5AF-4882-483B-894E-59391E23B7A4}.Debug|Any CPU.ActiveCfg = Debug|Any CPU
		{CF8EC5AF-4882-483B-894E-59391E23B7A4}.Debug|Any CPU.Build.0 = Debug|Any CPU
		{CF8EC5AF-4882-483B-894E-59391E23B7A4}.Release|Any CPU.ActiveCfg = Release|Any CPU
		{CF8EC5AF-4882-483B-894E-59391E23B7A4}.Release|Any CPU.Build.0 = Release|Any CPU
	EndGlobalSection
	GlobalSection(SolutionProperties) = preSolution
		HideSolutionNode = FALSE
	EndGlobalSection
	GlobalSection(ExtensibilityGlobals) = postSolution
		SolutionGuid = {D979E3C5-AD20-48EB-95C4-5B1B8AC33493}
	EndGlobalSection
EndGlobal
